{
  "requires": true,
  "lockfileVersion": 1,
  "dependencies": {
    "@babel/code-frame": {
      "version": "7.18.6",
      "resolved": "https://registry.npmjs.org/@babel/code-frame/-/code-frame-7.18.6.tgz",
      "integrity": "sha512-TDCmlK5eOvH+eH7cdAFlNXeVJqWIQ7gW9tY1GJIpUtFb6CmjVyq2VM3u71bOyR8CRihcCgMUYoDNyLXao3+70Q==",
      "dev": true,
      "requires": {
        "@babel/highlight": "^7.18.6"
      }
    },
    "@babel/helper-validator-identifier": {
      "version": "7.18.6",
      "resolved": "https://registry.npmjs.org/@babel/helper-validator-identifier/-/helper-validator-identifier-7.18.6.tgz",
      "integrity": "sha512-MmetCkz9ej86nJQV+sFCxoGGrUbU3q02kgLciwkrt9QqEB7cP39oKEY0PakknEO0Gu20SskMRi+AYZ3b1TpN9g==",
      "dev": true
    },
    "@babel/highlight": {
      "version": "7.18.6",
      "resolved": "https://registry.npmjs.org/@babel/highlight/-/highlight-7.18.6.tgz",
      "integrity": "sha512-u7stbOuYjaPezCuLj29hNW1v64M2Md2qupEKP1fHc7WdOA3DgLh37suiSrZYY7haUB7iBeQZ9P1uiRF359do3g==",
      "dev": true,
      "requires": {
        "@babel/helper-validator-identifier": "^7.18.6",
        "chalk": "^2.0.0",
        "js-tokens": "^4.0.0"
      },
      "dependencies": {
        "ansi-styles": {
          "version": "3.2.1",
          "resolved": "https://registry.npmjs.org/ansi-styles/-/ansi-styles-3.2.1.tgz",
          "integrity": "sha512-VT0ZI6kZRdTh8YyJw3SMbYm/u+NqfsAxEpWO0Pf9sq8/e94WxxOpPKx9FR1FlyCtOVDNOQ+8ntlqFxiRc+r5qA==",
          "dev": true,
          "requires": {
            "color-convert": "^1.9.0"
          }
        },
        "chalk": {
          "version": "2.4.2",
          "resolved": "https://registry.npmjs.org/chalk/-/chalk-2.4.2.tgz",
          "integrity": "sha512-Mti+f9lpJNcwF4tWV8/OrTTtF1gZi+f8FqlyAdouralcFWFQWF2+NgCHShjkCb+IFBLq9buZwE1xckQU4peSuQ==",
          "dev": true,
          "requires": {
            "ansi-styles": "^3.2.1",
            "escape-string-regexp": "^1.0.5",
            "supports-color": "^5.3.0"
          }
        },
        "color-convert": {
          "version": "1.9.3",
          "resolved": "https://registry.npmjs.org/color-convert/-/color-convert-1.9.3.tgz",
          "integrity": "sha512-QfAUtd+vFdAtFQcC8CCyYt1fYWxSqAiK2cSD6zDB8N3cpsEBAvRxp9zOGg6G/SHHJYAT88/az/IuDGALsNVbGg==",
          "dev": true,
          "requires": {
            "color-name": "1.1.3"
          }
        },
        "color-name": {
          "version": "1.1.3",
          "resolved": "https://registry.npmjs.org/color-name/-/color-name-1.1.3.tgz",
          "integrity": "sha512-72fSenhMw2HZMTVHeCA9KCmpEIbzWiQsjN+BHcBbS9vr1mtt+vJjPdksIBNUmKAW8TFUDPJK5SUU3QhE9NEXDw==",
          "dev": true
        },
        "has-flag": {
          "version": "3.0.0",
          "resolved": "https://registry.npmjs.org/has-flag/-/has-flag-3.0.0.tgz",
          "integrity": "sha512-sKJf1+ceQBr4SMkvQnBDNDtf4TXpVhVGateu0t918bl30FnbE2m4vNLX+VWe/dpjlb+HugGYzW7uQXH98HPEYw==",
          "dev": true
        },
        "supports-color": {
          "version": "5.5.0",
          "resolved": "https://registry.npmjs.org/supports-color/-/supports-color-5.5.0.tgz",
          "integrity": "sha512-QjVjwdXIt408MIiAqCX4oUKsgU2EqAGzs2Ppkm4aQYbjm+ZEWEcW4SfFNTr4uMNZma0ey4f5lgLrkB0aX0QMow==",
          "dev": true,
          "requires": {
            "has-flag": "^3.0.0"
          }
        }
      }
    },
    "@jest/expect-utils": {
      "version": "28.1.3",
      "resolved": "https://registry.npmjs.org/@jest/expect-utils/-/expect-utils-28.1.3.tgz",
      "integrity": "sha512-wvbi9LUrHJLn3NlDW6wF2hvIMtd4JUl2QNVrjq+IBSHirgfrR3o9RnVtxzdEGO2n9JyIWwHnLfby5KzqBGg2YA==",
      "dev": true,
      "requires": {
        "jest-get-type": "^28.0.2"
      }
    },
    "@jest/schemas": {
      "version": "28.1.3",
      "resolved": "https://registry.npmjs.org/@jest/schemas/-/schemas-28.1.3.tgz",
      "integrity": "sha512-/l/VWsdt/aBXgjshLWOFyFt3IVdYypu5y2Wn2rOO1un6nkqIn8SLXzgIMYXFyYsRWDyF5EthmKJMIdJvk08grg==",
      "dev": true,
      "requires": {
        "@sinclair/typebox": "^0.24.1"
      }
    },
    "@jest/types": {
      "version": "28.1.3",
      "resolved": "https://registry.npmjs.org/@jest/types/-/types-28.1.3.tgz",
      "integrity": "sha512-RyjiyMUZrKz/c+zlMFO1pm70DcIlST8AeWTkoUdZevew44wcNZQHsEVOiCVtgVnlFFD82FPaXycys58cf2muVQ==",
      "dev": true,
      "requires": {
        "@jest/schemas": "^28.1.3",
        "@types/istanbul-lib-coverage": "^2.0.0",
        "@types/istanbul-reports": "^3.0.0",
        "@types/node": "*",
        "@types/yargs": "^17.0.8",
        "chalk": "^4.0.0"
      }
    },
    "@sinclair/typebox": {
      "version": "0.24.28",
      "resolved": "https://registry.npmjs.org/@sinclair/typebox/-/typebox-0.24.28.tgz",
      "integrity": "sha512-dgJd3HLOkLmz4Bw50eZx/zJwtBq65nms3N9VBYu5LTjJ883oBFkTyXRlCB/ZGGwqYpJJHA5zW2Ibhl5ngITfow==",
      "dev": true
    },
    "@types/accepts": {
      "version": "1.3.5",
      "resolved": "https://registry.npmjs.org/@types/accepts/-/accepts-1.3.5.tgz",
      "integrity": "sha512-jOdnI/3qTpHABjM5cx1Hc0sKsPoYCp+DP/GJRGtDlPd7fiV9oXGGIcjW/ZOxLIvjGz8MA+uMZI9metHlgqbgwQ==",
      "dev": true,
      "requires": {
        "@types/node": "*"
      }
    },
    "@types/bcrypt": {
      "version": "5.0.0",
      "resolved": "https://registry.npmjs.org/@types/bcrypt/-/bcrypt-5.0.0.tgz",
      "integrity": "sha512-agtcFKaruL8TmcvqbndlqHPSJgsolhf/qPWchFlgnW1gECTN/nKbFcoFnvKAQRFfKbh+BO6A3SWdJu9t+xF3Lw==",
      "dev": true,
      "requires": {
        "@types/node": "*"
      }
    },
    "@types/bent": {
      "version": "7.3.2",
      "resolved": "https://registry.npmjs.org/@types/bent/-/bent-7.3.2.tgz",
      "integrity": "sha512-wtE/+NIk55jVUHJFt//kxmq8cQ7ef4J2U9HO7lZqKW4lvvPYTd7KfAEKZLsFmDgmzzMvfd4cPSdv3blqVWmqSQ==",
      "dev": true,
      "requires": {
        "@types/node": "*"
      }
    },
    "@types/body-parser": {
      "version": "1.19.1",
      "resolved": "https://registry.npmjs.org/@types/body-parser/-/body-parser-1.19.1.tgz",
      "integrity": "sha512-a6bTJ21vFOGIkwM0kzh9Yr89ziVxq4vYH2fQ6N8AeipEzai/cFK6aGMArIkUeIdRIgpwQa+2bXiLuUJCpSf2Cg==",
      "dev": true,
      "requires": {
        "@types/connect": "*",
        "@types/node": "*"
      }
    },
    "@types/bytes": {
      "version": "3.1.1",
      "resolved": "https://registry.npmjs.org/@types/bytes/-/bytes-3.1.1.tgz",
      "integrity": "sha512-lOGyCnw+2JVPKU3wIV0srU0NyALwTBJlVSx5DfMQOFuuohA8y9S8orImpuIQikZ0uIQ8gehrRjxgQC1rLRi11w==",
      "dev": true
    },
    "@types/connect": {
      "version": "3.4.35",
      "resolved": "https://registry.npmjs.org/@types/connect/-/connect-3.4.35.tgz",
      "integrity": "sha512-cdeYyv4KWoEgpBISTxWvqYsVy444DOqehiF3fM3ne10AmJ62RSyNkUnxMJXHQWRQQX2eR94m5y1IZyDwBjV9FQ==",
      "dev": true,
      "requires": {
        "@types/node": "*"
      }
    },
    "@types/content-disposition": {
      "version": "0.5.4",
      "resolved": "https://registry.npmjs.org/@types/content-disposition/-/content-disposition-0.5.4.tgz",
      "integrity": "sha512-0mPF08jn9zYI0n0Q/Pnz7C4kThdSt+6LD4amsrYDDpgBfrVWa3TcCOxKX1zkGgYniGagRv8heN2cbh+CAn+uuQ==",
      "dev": true
    },
    "@types/content-type": {
      "version": "1.1.5",
      "resolved": "https://registry.npmjs.org/@types/content-type/-/content-type-1.1.5.tgz",
      "integrity": "sha512-dgMN+syt1xb7Hk8LU6AODOfPlvz5z1CbXpPuJE5ZrX9STfBOIXF09pEB8N7a97WT9dbngt3ksDCm6GW6yMrxfQ==",
      "dev": true
    },
    "@types/cookie": {
      "version": "0.4.1",
      "resolved": "https://registry.npmjs.org/@types/cookie/-/cookie-0.4.1.tgz",
      "integrity": "sha512-XW/Aa8APYr6jSVVA1y/DEIZX0/GMKLEVekNG727R8cs56ahETkRAy/3DR7+fJyh7oUgGwNQaRfXCun0+KbWY7Q==",
      "dev": true
    },
    "@types/cookie-signature": {
      "version": "1.0.3",
      "resolved": "https://registry.npmjs.org/@types/cookie-signature/-/cookie-signature-1.0.3.tgz",
      "integrity": "sha512-0jpd4oizLaBybWBCew/lx4iAjjNWmCfzbspvnjoppyGEquN51BjShmPCksiH2IXLwtxQ2F/e2PkFy0LL7jpLsw==",
      "dev": true
    },
    "@types/debug": {
      "version": "4.1.7",
      "resolved": "https://registry.npmjs.org/@types/debug/-/debug-4.1.7.tgz",
      "integrity": "sha512-9AonUzyTjXXhEOa0DnqpzZi6VHlqKMswga9EXjpXnnqxwLtdvPPtlO8evrI5D9S6asFRCQ6v+wpiUKbw+vKqyg==",
      "dev": true,
      "requires": {
        "@types/ms": "*"
      }
    },
    "@types/depd": {
      "version": "1.1.32",
      "resolved": "https://registry.npmjs.org/@types/depd/-/depd-1.1.32.tgz",
      "integrity": "sha512-kB2cpXs3A0TGWl4a4h74yIwvclYZUTW6Irpee/3Dc1s4Cr5rGPHtpGPpBBpEV1MaKH5z/oul+57oDkEkeRXRnw==",
      "dev": true,
      "requires": {
        "@types/node": "*"
      }
    },
    "@types/destroy": {
      "version": "1.0.0",
      "resolved": "https://registry.npmjs.org/@types/destroy/-/destroy-1.0.0.tgz",
      "integrity": "sha512-nE3ePJLWPRu/qFHN8mj3fWnkr9K9ezwoiG4yOis2DuLeAawlnOOT/pM29JQkityrwfEvkblU5O9iS1bsiMqtDw==",
      "dev": true,
      "requires": {
        "@types/node": "*"
      }
    },
    "@types/ee-first": {
      "version": "1.1.0",
      "resolved": "https://registry.npmjs.org/@types/ee-first/-/ee-first-1.1.0.tgz",
      "integrity": "sha512-Vkq1JoYsK7Uojrh/m+esVXhue+o5yJzqJojgRZawx+BTeztuS2O9fw2f5ZbTAo1qTeD8NKfwZ8WBvdNkBOEOqA==",
      "dev": true,
      "requires": {
        "@types/node": "*"
      }
    },
    "@types/encodeurl": {
      "version": "1.0.0",
      "resolved": "https://registry.npmjs.org/@types/encodeurl/-/encodeurl-1.0.0.tgz",
      "integrity": "sha512-iO2Q6xQOJ5DtOB6wJ2KIetFq9JRTbpzcKTe2aS6CCsa+W9KNWX2yXx9KeB5sY/nBfAWN43LkPg6SFB+ldsW9ZA==",
      "dev": true
    },
    "@types/escape-html": {
      "version": "1.0.1",
      "resolved": "https://registry.npmjs.org/@types/escape-html/-/escape-html-1.0.1.tgz",
      "integrity": "sha512-4mI1FuUUZiuT95fSVqvZxp/ssQK9zsa86S43h9x3zPOSU9BBJ+BfDkXwuaU7BfsD+e7U0/cUUfJFk3iW2M4okA==",
      "dev": true
    },
    "@types/eslint": {
      "version": "8.4.5",
      "resolved": "https://registry.npmjs.org/@types/eslint/-/eslint-8.4.5.tgz",
      "integrity": "sha512-dhsC09y1gpJWnK+Ff4SGvCuSnk9DaU0BJZSzOwa6GVSg65XtTugLBITDAAzRU5duGBoXBHpdR/9jHGxJjNflJQ==",
      "dev": true,
      "requires": {
        "@types/estree": "*",
        "@types/json-schema": "*"
      }
    },
    "@types/eslint-config-prettier": {
      "version": "6.11.0",
      "resolved": "https://registry.npmjs.org/@types/eslint-config-prettier/-/eslint-config-prettier-6.11.0.tgz",
      "integrity": "sha512-UBuZMZVog9c9jXvArbYtWH570sRWNaU6kEnUAHsHb/+zAufzPT4I+gMkUR2dVPWlqiceoRU1thjUVdGrAWVpCA==",
      "dev": true
    },
    "@types/eslint-plugin-prettier": {
      "version": "3.1.0",
      "resolved": "https://registry.npmjs.org/@types/eslint-plugin-prettier/-/eslint-plugin-prettier-3.1.0.tgz",
      "integrity": "sha512-6/UIuz99F0IvtDez4U3bRwAmN4VKnuw10Ibblf0iZhtNbmbonMSLqs/qqsXrGIAWvjy+vXqYwOljgtLhrETSMg==",
      "dev": true,
      "requires": {
        "@types/eslint": "*"
      }
    },
    "@types/estree": {
      "version": "1.0.0",
      "resolved": "https://registry.npmjs.org/@types/estree/-/estree-1.0.0.tgz",
      "integrity": "sha512-WulqXMDUTYAXCjZnk6JtIHPigp55cVtDgDrO2gHRwhyJto21+1zbVCtOYB2L1F9w4qCQ0rOGWBnBe0FNTiEJIQ==",
      "dev": true
    },
    "@types/etag": {
      "version": "1.8.1",
      "resolved": "https://registry.npmjs.org/@types/etag/-/etag-1.8.1.tgz",
      "integrity": "sha512-bsKkeSqN7HYyYntFRAmzcwx/dKW4Wa+KVMTInANlI72PWLQmOpZu96j0OqHZGArW4VQwCmJPteQlXaUDeOB0WQ==",
      "dev": true,
      "requires": {
        "@types/node": "*"
      }
    },
    "@types/express": {
      "version": "4.17.13",
      "resolved": "https://registry.npmjs.org/@types/express/-/express-4.17.13.tgz",
      "integrity": "sha512-6bSZTPaTIACxn48l50SR+axgrqm6qXFIxrdAKaG6PaJk3+zuUr35hBlgT7vOmJcum+OEaIBLtHV/qloEAFITeA==",
      "dev": true,
      "requires": {
        "@types/body-parser": "*",
        "@types/express-serve-static-core": "^4.17.18",
        "@types/qs": "*",
        "@types/serve-static": "*"
      }
    },
    "@types/express-serve-static-core": {
      "version": "4.17.30",
      "resolved": "https://registry.npmjs.org/@types/express-serve-static-core/-/express-serve-static-core-4.17.30.tgz",
      "integrity": "sha512-gstzbTWro2/nFed1WXtf+TtrpwxH7Ggs4RLYTLbeVgIkUQOI3WG/JKjgeOU1zXDvezllupjrf8OPIdvTbIaVOQ==",
      "dev": true,
      "requires": {
        "@types/node": "*",
        "@types/qs": "*",
        "@types/range-parser": "*"
      }
    },
    "@types/finalhandler": {
      "version": "1.1.1",
      "resolved": "https://registry.npmjs.org/@types/finalhandler/-/finalhandler-1.1.1.tgz",
      "integrity": "sha512-fT+Qs+kczrGnY9EpJpFHbdfdyKSoHUCKo3gJYbDWSSQFc18Td87AelfhMM8zqHRcP97/tk8AijV2zSUdClJK+Q==",
      "dev": true,
      "requires": {
        "@types/node": "*"
      }
    },
    "@types/forwarded": {
      "version": "0.1.0",
      "resolved": "https://registry.npmjs.org/@types/forwarded/-/forwarded-0.1.0.tgz",
      "integrity": "sha512-bMAatSgDFLgJ9m+uqmGvRIeZojIZYJmFKkPT+TKFOORgMNgJrjaAnYfr464GDn2q98VKn7VhkxX2tsbO6Fvtig==",
      "dev": true,
      "requires": {
        "@types/node": "*"
      }
    },
    "@types/fresh": {
      "version": "0.5.0",
      "resolved": "https://registry.npmjs.org/@types/fresh/-/fresh-0.5.0.tgz",
      "integrity": "sha512-eGPzuyc6wZM3sSHJdF7NM2jW6B/xsB014Rqg/iDa6xY02mlfy1w/TE2sYhR8vbHxkzJOXiGo6NuIk3xk35vsgQ==",
      "dev": true
    },
    "@types/fs-extra": {
      "version": "9.0.6",
      "resolved": "https://registry.npmjs.org/@types/fs-extra/-/fs-extra-9.0.6.tgz",
      "integrity": "sha512-ecNRHw4clCkowNOBJH1e77nvbPxHYnWIXMv1IAoG/9+MYGkgoyr3Ppxr7XYFNL41V422EDhyV4/4SSK8L2mlig==",
      "dev": true,
      "requires": {
        "@types/node": "*"
      }
    },
    "@types/http-errors": {
      "version": "1.8.1",
      "resolved": "https://registry.npmjs.org/@types/http-errors/-/http-errors-1.8.1.tgz",
      "integrity": "sha512-e+2rjEwK6KDaNOm5Aa9wNGgyS9oSZU/4pfSMMPYNOfjvFI0WVXm29+ITRFr6aKDvvKo7uU1jV68MW4ScsfDi7Q==",
      "dev": true
    },
    "@types/inherits": {
      "version": "0.0.30",
      "resolved": "https://registry.npmjs.org/@types/inherits/-/inherits-0.0.30.tgz",
      "integrity": "sha512-u3bSJhhwCMWsMdZhrX+PD2CsyxW0ahdrUWuC2EJCa6zQywA+nnj4+PkaGAf5nw2E7+05ww0epgY+kcxa7ojJUA==",
      "dev": true,
      "requires": {
        "@types/node": "*"
      }
    },
    "@types/istanbul-lib-coverage": {
      "version": "2.0.4",
      "resolved": "https://registry.npmjs.org/@types/istanbul-lib-coverage/-/istanbul-lib-coverage-2.0.4.tgz",
      "integrity": "sha512-z/QT1XN4K4KYuslS23k62yDIDLwLFkzxOuMplDtObz0+y7VqJCaO2o+SPwHCvLFZh7xazvvoor2tA/hPz9ee7g==",
      "dev": true
    },
    "@types/istanbul-lib-report": {
      "version": "3.0.0",
      "resolved": "https://registry.npmjs.org/@types/istanbul-lib-report/-/istanbul-lib-report-3.0.0.tgz",
      "integrity": "sha512-plGgXAPfVKFoYfa9NpYDAkseG+g6Jr294RqeqcqDixSbU34MZVJRi/P+7Y8GDpzkEwLaGZZOpKIEmeVZNtKsrg==",
      "dev": true,
      "requires": {
        "@types/istanbul-lib-coverage": "*"
      }
    },
    "@types/istanbul-reports": {
      "version": "3.0.1",
      "resolved": "https://registry.npmjs.org/@types/istanbul-reports/-/istanbul-reports-3.0.1.tgz",
      "integrity": "sha512-c3mAZEuK0lvBp8tmuL74XRKn1+y2dcwOUpH7x4WrF6gk1GIgiluDRgMYQtw2OFcBvAJWlt6ASU3tSqxp0Uu0Aw==",
      "dev": true,
      "requires": {
        "@types/istanbul-lib-report": "*"
      }
    },
    "@types/jest": {
      "version": "28.1.7",
      "resolved": "https://registry.npmjs.org/@types/jest/-/jest-28.1.7.tgz",
      "integrity": "sha512-acDN4VHD40V24tgu0iC44jchXavRNVFXQ/E6Z5XNsswgoSO/4NgsXoEYmPUGookKldlZQyIpmrEXsHI9cA3ZTA==",
      "dev": true,
      "requires": {
        "expect": "^28.0.0",
        "pretty-format": "^28.0.0"
      }
    },
    "@types/json-schema": {
      "version": "7.0.11",
      "resolved": "https://registry.npmjs.org/@types/json-schema/-/json-schema-7.0.11.tgz",
      "integrity": "sha512-wOuvG1SN4Us4rez+tylwwwCV1psiNVOkJeM3AUWUNWg/jDQY2+HE/444y5gc+jBmRqASOm2Oeh5c1axHobwRKQ==",
      "dev": true
    },
    "@types/jsonwebtoken": {
      "version": "8.5.5",
      "resolved": "https://registry.npmjs.org/@types/jsonwebtoken/-/jsonwebtoken-8.5.5.tgz",
      "integrity": "sha512-OGqtHQ7N5/Ap/TUwO6IgHDuLiAoTmHhGpNvgkCm/F4N6pKzx/RBSfr2OXZSwC6vkfnsEdb6+7DNZVtiXiwdwFw==",
      "dev": true,
      "requires": {
        "@types/node": "*"
      }
    },
    "@types/linkify-it": {
      "version": "3.0.2",
      "resolved": "https://registry.npmjs.org/@types/linkify-it/-/linkify-it-3.0.2.tgz",
      "integrity": "sha512-HZQYqbiFVWufzCwexrvh694SOim8z2d+xJl5UNamcvQFejLY/2YUtzXHYi3cHdI7PMlS8ejH2slRAOJQ32aNbA==",
      "dev": true
    },
    "@types/lodash": {
      "version": "4.14.172",
      "resolved": "https://registry.npmjs.org/@types/lodash/-/lodash-4.14.172.tgz",
      "integrity": "sha512-/BHF5HAx3em7/KkzVKm3LrsD6HZAXuXO1AJZQ3cRRBZj4oHZDviWPYu0aEplAqDFNHZPW6d3G7KN+ONcCCC7pw==",
      "dev": true
    },
    "@types/lodash.debounce": {
      "version": "4.0.6",
      "resolved": "https://registry.npmjs.org/@types/lodash.debounce/-/lodash.debounce-4.0.6.tgz",
      "integrity": "sha512-4WTmnnhCfDvvuLMaF3KV4Qfki93KebocUF45msxhYyjMttZDQYzHkO639ohhk8+oco2cluAFL3t5+Jn4mleylQ==",
      "dev": true,
      "requires": {
        "@types/lodash": "*"
      }
    },
    "@types/lodash.throttle": {
      "version": "4.1.6",
      "resolved": "https://registry.npmjs.org/@types/lodash.throttle/-/lodash.throttle-4.1.6.tgz",
      "integrity": "sha512-/UIH96i/sIRYGC60NoY72jGkCJtFN5KVPhEMMMTjol65effe1gPn0tycJqV5tlSwMTzX8FqzB5yAj0rfGHTPNg==",
      "dev": true,
      "requires": {
        "@types/lodash": "*"
      }
    },
    "@types/markdown-it": {
      "version": "12.2.0",
      "resolved": "https://registry.npmjs.org/@types/markdown-it/-/markdown-it-12.2.0.tgz",
      "integrity": "sha512-YEpywby5S2wt64C2E3bcpLvtIV8BuCj+4AGtL7tU51V8Vr1qwm+cX9gFfWRyclgLC0UK/7w2heYmhymDi+snzw==",
      "dev": true,
      "requires": {
        "@types/linkify-it": "*",
        "@types/mdurl": "*",
        "highlight.js": "^10.7.2"
      }
    },
    "@types/mdurl": {
      "version": "1.0.2",
      "resolved": "https://registry.npmjs.org/@types/mdurl/-/mdurl-1.0.2.tgz",
      "integrity": "sha512-eC4U9MlIcu2q0KQmXszyn5Akca/0jrQmwDRgpAMJai7qBWq4amIQhZyNau4VYGtCeALvW1/NtjzJJ567aZxfKA==",
      "dev": true
    },
    "@types/media-typer": {
      "version": "1.1.1",
      "resolved": "https://registry.npmjs.org/@types/media-typer/-/media-typer-1.1.1.tgz",
      "integrity": "sha512-pj9YTwjWbh+cuwZ/74+SPNe+MI6npNZ13o9WslckpgXhOaVrugE/ru1XhZCkAoob+oOiD6zrdhtzVTObfqIRgQ==",
      "dev": true
    },
    "@types/merge-descriptors": {
      "version": "1.0.1",
      "resolved": "https://registry.npmjs.org/@types/merge-descriptors/-/merge-descriptors-1.0.1.tgz",
      "integrity": "sha512-dvY3+KXKTXn7sD9bFQsaPcw3FN9ljk82YDUDl7O2FsBVBhiN7Ya216aYUqUvlRdbL/lvW90SYAUJZ1fFnmtMUQ==",
      "dev": true
    },
    "@types/methods": {
      "version": "1.1.1",
      "resolved": "https://registry.npmjs.org/@types/methods/-/methods-1.1.1.tgz",
      "integrity": "sha512-hvD1Yz0xugpvbFNVihc0Eu60Y/o1dD8LmSdN4d5QHV315ljuVGlwS5DYrb3RqFi6JskDC0Xi6/Bv6aEe/1A9bw==",
      "dev": true
    },
    "@types/mime": {
      "version": "2.0.3",
      "resolved": "https://registry.npmjs.org/@types/mime/-/mime-2.0.3.tgz",
      "integrity": "sha512-Jus9s4CDbqwocc5pOAnh8ShfrnMcPHuJYzVcSUU7lrh8Ni5HuIqX3oilL86p3dlTrk0LzHRCgA/GQ7uNCw6l2Q==",
      "dev": true
    },
    "@types/mime-db": {
      "version": "1.43.1",
      "resolved": "https://registry.npmjs.org/@types/mime-db/-/mime-db-1.43.1.tgz",
      "integrity": "sha512-kGZJY+R+WnR5Rk+RPHUMERtb2qBRViIHCBdtUrY+NmwuGb8pQdfTqQiCKPrxpdoycl8KWm2DLdkpoSdt479XoQ==",
      "dev": true
    },
    "@types/mime-types": {
      "version": "2.1.1",
      "resolved": "https://registry.npmjs.org/@types/mime-types/-/mime-types-2.1.1.tgz",
      "integrity": "sha512-vXOTGVSLR2jMw440moWTC7H19iUyLtP3Z1YTj7cSsubOICinjMxFeb/V57v9QdyyPGbbWolUFSSmSiRSn94tFw==",
      "dev": true
    },
    "@types/minimatch": {
      "version": "3.0.5",
      "resolved": "https://registry.npmjs.org/@types/minimatch/-/minimatch-3.0.5.tgz",
      "integrity": "sha512-Klz949h02Gz2uZCMGwDUSDS1YBlTdDDgbWHi+81l29tQALUtvz4rAYi5uoVhE5Lagoq6DeqAUlbrHvW/mXDgdQ==",
      "dev": true
    },
    "@types/ms": {
      "version": "0.7.31",
      "resolved": "https://registry.npmjs.org/@types/ms/-/ms-0.7.31.tgz",
      "integrity": "sha512-iiUgKzV9AuaEkZqkOLDIvlQiL6ltuZd9tGcW3gwpnX8JbuiuhFlEGmmFXEXkN50Cvq7Os88IY2v0dkDqXYWVgA==",
      "dev": true
    },
    "@types/negotiator": {
      "version": "0.6.1",
      "resolved": "https://registry.npmjs.org/@types/negotiator/-/negotiator-0.6.1.tgz",
      "integrity": "sha512-c4mvXFByghezQ/eVGN5HvH/jI63vm3B7FiE81BUzDAWmuiohRecCO6ddU60dfq29oKUMiQujsoB2h0JQC7JHKA==",
      "dev": true
    },
    "@types/node": {
      "version": "16.6.2",
      "resolved": "https://registry.npmjs.org/@types/node/-/node-16.6.2.tgz",
      "integrity": "sha512-LSw8TZt12ZudbpHc6EkIyDM3nHVWKYrAvGy6EAJfNfjusbwnThqjqxUKKRwuV3iWYeW/LYMzNgaq3MaLffQ2xA==",
      "dev": true
    },
    "@types/nodemon": {
      "version": "1.19.1",
      "resolved": "https://registry.npmjs.org/@types/nodemon/-/nodemon-1.19.1.tgz",
      "integrity": "sha512-3teAFqCFba3W9zk4dAGUZ+rW/nrQBrSGXWyK9HfJuWxmITk2z2d3u/5cy7oFqNG2fZxPwSAWkP+a8q/QC6UU5Q==",
      "dev": true,
      "requires": {
        "@types/node": "*"
      }
    },
    "@types/on-finished": {
      "version": "2.3.1",
      "resolved": "https://registry.npmjs.org/@types/on-finished/-/on-finished-2.3.1.tgz",
      "integrity": "sha512-mzVYaYcFs5Jd2n/O6uYIRUsFRR1cHyZLRvkLCU0E7+G5WhY0qBDAR5fUCeZbvecYOSh9ikhlesyi2UfI8B9ckQ==",
      "dev": true,
      "requires": {
        "@types/node": "*"
      }
    },
    "@types/parseurl": {
      "version": "1.3.1",
      "resolved": "https://registry.npmjs.org/@types/parseurl/-/parseurl-1.3.1.tgz",
      "integrity": "sha512-sAfjGAYgJ/MZsk95f3ByThfJgasZk1hWJROghBwfKnLLNANEAG/WHckAcT6HNqx2sHwVlci7OAX7k1KYpOcgMw==",
      "dev": true,
      "requires": {
        "@types/node": "*"
      }
    },
    "@types/pdfobject": {
      "version": "2.2.2",
      "resolved": "https://registry.npmjs.org/@types/pdfobject/-/pdfobject-2.2.2.tgz",
      "integrity": "sha512-a3Ul7DDltIjMazNu+32IjhJL4or4QM04fimwvhyYaJoOrypzcGwb6jnh56ClTcBv8T5oANg8ti1lyQti09Wuwg==",
      "dev": true
    },
    "@types/prettier": {
      "version": "2.2.3",
      "resolved": "https://registry.npmjs.org/@types/prettier/-/prettier-2.2.3.tgz",
      "integrity": "sha512-PijRCG/K3s3w1We6ynUKdxEc5AcuuH3NBmMDP8uvKVp6X43UY7NQlTzczakXP3DJR0F4dfNQIGjU2cUeRYs2AA==",
      "dev": true
    },
    "@types/prop-types": {
      "version": "15.7.5",
      "resolved": "https://registry.npmjs.org/@types/prop-types/-/prop-types-15.7.5.tgz",
      "integrity": "sha512-JCB8C6SnDoQf0cNycqd/35A7MjcnK+ZTqE7judS6o7utxUCg6imJg3QK2qzHKszlTjcj2cn+NwMB2i96ubpj7w==",
      "dev": true
    },
    "@types/proxy-addr": {
      "version": "2.0.0",
      "resolved": "https://registry.npmjs.org/@types/proxy-addr/-/proxy-addr-2.0.0.tgz",
      "integrity": "sha512-JEm0kSrO3CjbFSLpYeYhCscS0vpW1mIWedhWuurJnYbMzY1vcm9fzJ6TL6SWq3m/m3g4KUV5JBT69mQSwUHZHg==",
      "dev": true,
      "requires": {
        "@types/node": "*"
      }
    },
    "@types/qs": {
      "version": "6.9.7",
      "resolved": "https://registry.npmjs.org/@types/qs/-/qs-6.9.7.tgz",
      "integrity": "sha512-FGa1F62FT09qcrueBA6qYTrJPVDzah9a+493+o2PCXsesWHIn27G98TsSMs3WPNbZIEj4+VJf6saSFpvD+3Zsw==",
      "dev": true
    },
    "@types/range-parser": {
      "version": "1.2.4",
      "resolved": "https://registry.npmjs.org/@types/range-parser/-/range-parser-1.2.4.tgz",
      "integrity": "sha512-EEhsLsD6UsDM1yFhAvy0Cjr6VwmpMWqFBCb9w07wVugF7w9nfajxLuVmngTIpgS6svCnm6Vaw+MZhoDCKnOfsw==",
      "dev": true
    },
    "@types/react": {
      "version": "17.0.19",
      "resolved": "https://registry.npmjs.org/@types/react/-/react-17.0.19.tgz",
      "integrity": "sha512-sX1HisdB1/ZESixMTGnMxH9TDe8Sk709734fEQZzCV/4lSu9kJCPbo2PbTRoZM+53Pp0P10hYVyReUueGwUi4A==",
      "dev": true,
      "requires": {
        "@types/prop-types": "*",
        "@types/scheduler": "*",
        "csstype": "^3.0.2"
      }
    },
    "@types/react-dom": {
      "version": "17.0.9",
      "resolved": "https://registry.npmjs.org/@types/react-dom/-/react-dom-17.0.9.tgz",
      "integrity": "sha512-wIvGxLfgpVDSAMH5utdL9Ngm5Owu0VsGmldro3ORLXV8CShrL8awVj06NuEXFQ5xyaYfdca7Sgbk/50Ri1GdPg==",
      "dev": true,
      "requires": {
        "@types/react": "*"
      }
    },
    "@types/react-virtualized": {
      "version": "9.21.13",
      "resolved": "https://registry.npmjs.org/@types/react-virtualized/-/react-virtualized-9.21.13.tgz",
      "integrity": "sha512-tCIQ5wDKj+QJ3sMzjPKSLY0AXsznt+ovAUcq+JCLjPBOcAHbPt4FraGT9HKYEFfmp9E6+ELuN49i5bWtuBmi3w==",
      "dev": true,
      "requires": {
        "@types/prop-types": "*",
        "@types/react": "*"
      }
    },
    "@types/safer-buffer": {
      "version": "2.1.0",
      "resolved": "https://registry.npmjs.org/@types/safer-buffer/-/safer-buffer-2.1.0.tgz",
      "integrity": "sha512-04WlrCdOLy1Ejpwc3A7qyZzsH6uqeWoH+XO80V8S8NRubGg+E4FMMM3VAS6jZZ8w+dXki1/5FI5upmMDQlaQsQ==",
      "dev": true,
      "requires": {
        "@types/node": "*"
      }
    },
    "@types/sanitize-html": {
      "version": "2.3.2",
      "resolved": "https://registry.npmjs.org/@types/sanitize-html/-/sanitize-html-2.3.2.tgz",
      "integrity": "sha512-DnmoXsiqG2/RoSf6/lD3Hrs+TCM8ILtzNuuSjmOtRaP/ud9Sy3M3ctwD+SB50EIDs5GzVFF1dJk2Fq/ID/PNCQ==",
      "dev": true,
      "requires": {
        "htmlparser2": "^6.0.0"
      }
    },
    "@types/scheduler": {
      "version": "0.16.2",
      "resolved": "https://registry.npmjs.org/@types/scheduler/-/scheduler-0.16.2.tgz",
      "integrity": "sha512-hppQEBDmlwhFAXKJX2KnWLYu5yMfi91yazPb2l+lbJiwW+wdo1gNeRA+3RgNSO39WYX2euey41KEwnqesU2Jew==",
      "dev": true
    },
    "@types/semver": {
      "version": "7.3.8",
      "resolved": "https://registry.npmjs.org/@types/semver/-/semver-7.3.8.tgz",
      "integrity": "sha512-D/2EJvAlCEtYFEYmmlGwbGXuK886HzyCc3nZX/tkFTQdEU8jZDAgiv08P162yB17y4ZXZoq7yFAnW4GDBb9Now==",
      "dev": true
    },
    "@types/send": {
      "version": "0.17.1",
      "resolved": "https://registry.npmjs.org/@types/send/-/send-0.17.1.tgz",
      "integrity": "sha512-Cwo8LE/0rnvX7kIIa3QHCkcuF21c05Ayb0ZfxPiv0W8VRiZiNW/WuRupHKpqqGVGf7SUA44QSOUKaEd9lIrd/Q==",
      "dev": true,
      "requires": {
        "@types/mime": "^1",
        "@types/node": "*"
      },
      "dependencies": {
        "@types/mime": {
          "version": "1.3.2",
          "resolved": "https://registry.npmjs.org/@types/mime/-/mime-1.3.2.tgz",
          "integrity": "sha512-YATxVxgRqNH6nHEIsvg6k2Boc1JHI9ZbH5iWFFv/MTkchz3b1ieGDa5T0a9RznNdI0KhVbdbWSN+KWWrQZRxTw==",
          "dev": true
        }
      }
    },
    "@types/serve-static": {
      "version": "1.13.10",
      "resolved": "https://registry.npmjs.org/@types/serve-static/-/serve-static-1.13.10.tgz",
      "integrity": "sha512-nCkHGI4w7ZgAdNkrEu0bv+4xNV/XDqW+DydknebMOQwkpDGx8G+HTlj7R7ABI8i8nKxVw0wtKPi1D+lPOkh4YQ==",
      "dev": true,
      "requires": {
        "@types/mime": "^1",
        "@types/node": "*"
      },
      "dependencies": {
        "@types/mime": {
          "version": "1.3.2",
          "resolved": "https://registry.npmjs.org/@types/mime/-/mime-1.3.2.tgz",
          "integrity": "sha512-YATxVxgRqNH6nHEIsvg6k2Boc1JHI9ZbH5iWFFv/MTkchz3b1ieGDa5T0a9RznNdI0KhVbdbWSN+KWWrQZRxTw==",
          "dev": true
        }
      }
    },
    "@types/showdown": {
      "version": "1.9.4",
      "resolved": "https://registry.npmjs.org/@types/showdown/-/showdown-1.9.4.tgz",
      "integrity": "sha512-50ehC3IAijfkvoNqmQ+VL73S7orOxmAK8ljQAFBv8o7G66lAZyxQj1L3BAv2dD86myLXI+sgKP1kcxAaxW356w==",
      "dev": true
    },
    "@types/sqlite3": {
      "version": "3.1.7",
      "resolved": "https://registry.npmjs.org/@types/sqlite3/-/sqlite3-3.1.7.tgz",
      "integrity": "sha512-8FHV/8Uzd7IwdHm5mvmF2Aif4aC/gjrt4axWD9SmfaxITnOjtOhCbOSTuqv/VbH1uq0QrwlaTj9aTz3gmR6u4w==",
      "dev": true,
      "requires": {
        "@types/node": "*"
      }
    },
    "@types/stack-utils": {
      "version": "2.0.1",
      "resolved": "https://registry.npmjs.org/@types/stack-utils/-/stack-utils-2.0.1.tgz",
      "integrity": "sha512-Hl219/BT5fLAaz6NDkSuhzasy49dwQS/DSdu4MdggFB8zcXv7vflBI3xp7FEmkmdDkBUI2bPUNeMttp2knYdxw==",
      "dev": true
    },
    "@types/statuses": {
      "version": "2.0.0",
      "resolved": "https://registry.npmjs.org/@types/statuses/-/statuses-2.0.0.tgz",
      "integrity": "sha512-V4dX/J9hyQ8hq2hztP+8xB1girGot5ltjtmxaJusf6AGyxi2RvWJrpWj4/DxF0/GFNOkswUVnbkGXKaaY9juQQ==",
      "dev": true
    },
    "@types/testing-library__jest-dom": {
      "version": "5.9.4",
      "resolved": "https://registry.npmjs.org/@types/testing-library__jest-dom/-/testing-library__jest-dom-5.9.4.tgz",
      "integrity": "sha512-6spmpkKOCVCO9XolAR23gfv09Nfd4QByRM3WbnYnPhVfjmOzEKlNrcj6GqFLZKduUvtJIH7Mf5t2TY6rs93zDA==",
      "dev": true,
      "requires": {
        "@types/jest": "*"
      }
    },
    "@types/type-is": {
      "version": "1.6.3",
      "resolved": "https://registry.npmjs.org/@types/type-is/-/type-is-1.6.3.tgz",
      "integrity": "sha512-PNs5wHaNcBgCQG5nAeeZ7OvosrEsI9O4W2jAOO9BCCg4ux9ZZvH2+0iSCOIDBiKuQsiNS8CBlmfX9f5YBQ22cA==",
      "dev": true,
      "requires": {
        "@types/node": "*"
      }
    },
    "@types/utils-merge": {
      "version": "0.0.28",
      "resolved": "https://registry.npmjs.org/@types/utils-merge/-/utils-merge-0.0.28.tgz",
      "integrity": "sha512-Z7HLY2xRRdSFCB2g0+tsmPLOkYvTmGe2pWDYiJlQBfOQAjoCwuG2DItALrvXhFPPU/crSUZSd1gNhuION+GjPA==",
      "dev": true
    },
    "@types/uuid": {
      "version": "8.3.1",
      "resolved": "https://registry.npmjs.org/@types/uuid/-/uuid-8.3.1.tgz",
      "integrity": "sha512-Y2mHTRAbqfFkpjldbkHGY8JIzRN6XqYRliG8/24FcHm2D2PwW24fl5xMRTVGdrb7iMrwCaIEbLWerGIkXuFWVg==",
      "dev": true
    },
    "@types/vary": {
      "version": "1.1.0",
      "resolved": "https://registry.npmjs.org/@types/vary/-/vary-1.1.0.tgz",
      "integrity": "sha512-LQWqrIa0dvEOOH37lGksMEXbypRLUFqu6Gx0pmX7zIUisD2I/qaVgEX/vJ/PSVSW0Hk6yz1BNkFpqg6dZm3Wug==",
      "dev": true,
      "requires": {
        "@types/node": "*"
      }
    },
    "@types/yargs": {
      "version": "17.0.11",
      "resolved": "https://registry.npmjs.org/@types/yargs/-/yargs-17.0.11.tgz",
      "integrity": "sha512-aB4y9UDUXTSMxmM4MH+YnuR0g5Cph3FLQBoWoMB21DSvFVAxRVEHEMx3TLh+zUZYMCQtKiqazz0Q4Rre31f/OA==",
      "dev": true,
      "requires": {
        "@types/yargs-parser": "*"
      }
    },
    "@types/yargs-parser": {
      "version": "21.0.0",
      "resolved": "https://registry.npmjs.org/@types/yargs-parser/-/yargs-parser-21.0.0.tgz",
      "integrity": "sha512-iO9ZQHkZxHn4mSakYV0vFHAVDyEOIJQrV2uZ06HxEPcx+mt8swXoZHIbaaJ2crJYFfErySgktuTZ3BeLz+XmFA==",
      "dev": true
    },
    "ansi-regex": {
      "version": "5.0.1",
      "resolved": "https://registry.npmjs.org/ansi-regex/-/ansi-regex-5.0.1.tgz",
      "integrity": "sha512-quJQXlTSUGL2LH9SUXo8VwsY4soanhgo6LNSm84E1LBcE8s3O0wpdiRzyR9z/ZZJMlMWv37qOOb9pdJlMUEKFQ==",
      "dev": true
    },
    "ansi-styles": {
      "version": "4.3.0",
      "resolved": "https://registry.npmjs.org/ansi-styles/-/ansi-styles-4.3.0.tgz",
      "integrity": "sha512-zbB9rCJAT1rbjiVDb2hqKFHNYLxgtk8NURxZ3IZwD3F6NtxbXZQCnnSi1Lkx+IDohdPlFp222wVALIheZJQSEg==",
      "dev": true,
      "requires": {
        "color-convert": "^2.0.1"
      }
    },
    "braces": {
      "version": "3.0.2",
      "resolved": "https://registry.npmjs.org/braces/-/braces-3.0.2.tgz",
      "integrity": "sha512-b8um+L1RzM3WDSzvhm6gIz1yfTbBt6YTlcEKAvsmqCZZFw46z626lVj9j1yEPW33H5H+lBQpZMP1k8l+78Ha0A==",
      "dev": true,
      "requires": {
        "fill-range": "^7.0.1"
      }
    },
    "chalk": {
      "version": "4.1.2",
      "resolved": "https://registry.npmjs.org/chalk/-/chalk-4.1.2.tgz",
      "integrity": "sha512-oKnbhFyRIXpUuez8iBMmyEa4nbj4IOQyuhc/wy9kY7/WVPcwIO9VA668Pu8RkO7+0G76SLROeyw9CpQ061i4mA==",
      "dev": true,
      "requires": {
        "ansi-styles": "^4.1.0",
        "supports-color": "^7.1.0"
      }
    },
    "ci-info": {
      "version": "3.3.2",
      "resolved": "https://registry.npmjs.org/ci-info/-/ci-info-3.3.2.tgz",
      "integrity": "sha512-xmDt/QIAdeZ9+nfdPsaBCpMvHNLFiLdjj59qjqn+6iPe6YmHGQ35sBnQ8uslRBXFmXkiZQOJRjvQeoGppoTjjg==",
      "dev": true
    },
    "color-convert": {
      "version": "2.0.1",
      "resolved": "https://registry.npmjs.org/color-convert/-/color-convert-2.0.1.tgz",
      "integrity": "sha512-RRECPsj7iu/xb5oKYcsFHSppFNnsj/52OVTRKb4zP5onXwVF3zVmmToNcOfGC+CRDpfK/U584fMg38ZHCaElKQ==",
      "dev": true,
      "requires": {
        "color-name": "~1.1.4"
      }
    },
    "color-name": {
      "version": "1.1.4",
      "resolved": "https://registry.npmjs.org/color-name/-/color-name-1.1.4.tgz",
      "integrity": "sha512-dOy+3AuW3a2wNbZHIuMZpTcgjGuLU/uBL/ubcZF9OXbDo8ff4O8yVp5Bf0efS8uEoYo5q4Fx7dY9OgQGXgAsQA==",
      "dev": true
    },
    "csstype": {
      "version": "3.1.0",
      "resolved": "https://registry.npmjs.org/csstype/-/csstype-3.1.0.tgz",
      "integrity": "sha512-uX1KG+x9h5hIJsaKR9xHUeUraxf8IODOwq9JLNPq6BwB04a/xgpq3rcx47l5BZu5zBPlgD342tdke3Hom/nJRA==",
      "dev": true
    },
    "diff-sequences": {
      "version": "28.1.1",
      "resolved": "https://registry.npmjs.org/diff-sequences/-/diff-sequences-28.1.1.tgz",
      "integrity": "sha512-FU0iFaH/E23a+a718l8Qa/19bF9p06kgE0KipMOMadwa3SjnaElKzPaUC0vnibs6/B/9ni97s61mcejk8W1fQw==",
      "dev": true
    },
    "dom-serializer": {
      "version": "1.4.1",
      "resolved": "https://registry.npmjs.org/dom-serializer/-/dom-serializer-1.4.1.tgz",
      "integrity": "sha512-VHwB3KfrcOOkelEG2ZOfxqLZdfkil8PtJi4P8N2MMXucZq2yLp75ClViUlOVwyoHEDjYU433Aq+5zWP61+RGag==",
      "dev": true,
      "requires": {
        "domelementtype": "^2.0.1",
        "domhandler": "^4.2.0",
        "entities": "^2.0.0"
      }
    },
    "domelementtype": {
      "version": "2.3.0",
      "resolved": "https://registry.npmjs.org/domelementtype/-/domelementtype-2.3.0.tgz",
      "integrity": "sha512-OLETBj6w0OsagBwdXnPdN0cnMfF9opN69co+7ZrbfPGrdpPVNBUj02spi6B1N7wChLQiPn4CSH/zJvXw56gmHw==",
      "dev": true
    },
    "domhandler": {
      "version": "4.3.1",
      "resolved": "https://registry.npmjs.org/domhandler/-/domhandler-4.3.1.tgz",
      "integrity": "sha512-GrwoxYN+uWlzO8uhUXRl0P+kHE4GtVPfYzVLcUxPL7KNdHKj66vvlhiweIHqYYXWlw+T8iLMp42Lm67ghw4WMQ==",
      "dev": true,
      "requires": {
        "domelementtype": "^2.2.0"
      }
    },
    "domutils": {
      "version": "2.8.0",
      "resolved": "https://registry.npmjs.org/domutils/-/domutils-2.8.0.tgz",
      "integrity": "sha512-w96Cjofp72M5IIhpjgobBimYEfoPjx1Vx0BSX9P30WBdZW2WIKU0T1Bd0kz2eNZ9ikjKgHbEyKx8BB6H1L3h3A==",
      "dev": true,
      "requires": {
        "dom-serializer": "^1.0.1",
        "domelementtype": "^2.2.0",
        "domhandler": "^4.2.0"
      }
    },
    "entities": {
      "version": "2.2.0",
      "resolved": "https://registry.npmjs.org/entities/-/entities-2.2.0.tgz",
      "integrity": "sha512-p92if5Nz619I0w+akJrLZH0MX0Pb5DX39XOwQTtXSdQQOaYH03S1uIQp4mhOZtAXrxq4ViO67YTiLBo2638o9A==",
      "dev": true
    },
    "escape-string-regexp": {
      "version": "1.0.5",
      "resolved": "https://registry.npmjs.org/escape-string-regexp/-/escape-string-regexp-1.0.5.tgz",
      "integrity": "sha512-vbRorB5FUQWvla16U8R/qgaFIya2qGzwDrNmCZuYKrbdSUMG6I1ZCGQRefkRVhuOkIGVne7BQ35DSfo1qvJqFg==",
      "dev": true
    },
    "expect": {
      "version": "28.1.3",
      "resolved": "https://registry.npmjs.org/expect/-/expect-28.1.3.tgz",
      "integrity": "sha512-eEh0xn8HlsuOBxFgIss+2mX85VAS4Qy3OSkjV7rlBWljtA4oWH37glVGyOZSZvErDT/yBywZdPGwCXuTvSG85g==",
      "dev": true,
      "requires": {
        "@jest/expect-utils": "^28.1.3",
        "jest-get-type": "^28.0.2",
        "jest-matcher-utils": "^28.1.3",
        "jest-message-util": "^28.1.3",
        "jest-util": "^28.1.3"
      }
    },
    "fill-range": {
      "version": "7.0.1",
      "resolved": "https://registry.npmjs.org/fill-range/-/fill-range-7.0.1.tgz",
      "integrity": "sha512-qOo9F+dMUmC2Lcb4BbVvnKJxTPjCm+RRpe4gDuGrzkL7mEVl/djYSu2OdQ2Pa302N4oqkSg9ir6jaLWJ2USVpQ==",
      "dev": true,
      "requires": {
        "to-regex-range": "^5.0.1"
      }
    },
    "graceful-fs": {
      "version": "4.2.10",
      "resolved": "https://registry.npmjs.org/graceful-fs/-/graceful-fs-4.2.10.tgz",
      "integrity": "sha512-9ByhssR2fPVsNZj478qUUbKfmL0+t5BDVyjShtyZZLiK7ZDAArFFfopyOTj0M05wE2tJPisA4iTnnXl2YoPvOA==",
      "dev": true
    },
    "has-flag": {
      "version": "4.0.0",
      "resolved": "https://registry.npmjs.org/has-flag/-/has-flag-4.0.0.tgz",
      "integrity": "sha512-EykJT/Q1KjTWctppgIAgfSO0tKVuZUjhgMr17kqTumMl6Afv3EISleU7qZUzoXDFTAHTDC4NOoG/ZxU3EvlMPQ==",
      "dev": true
    },
    "highlight.js": {
      "version": "10.7.3",
      "resolved": "https://registry.npmjs.org/highlight.js/-/highlight.js-10.7.3.tgz",
      "integrity": "sha512-tzcUFauisWKNHaRkN4Wjl/ZA07gENAjFl3J/c480dprkGTg5EQstgaNFqBfUqCq54kZRIEcreTsAgF/m2quD7A==",
      "dev": true
    },
    "htmlparser2": {
      "version": "6.1.0",
      "resolved": "https://registry.npmjs.org/htmlparser2/-/htmlparser2-6.1.0.tgz",
      "integrity": "sha512-gyyPk6rgonLFEDGoeRgQNaEUvdJ4ktTmmUh/h2t7s+M8oPpIPxgNACWa+6ESR57kXstwqPiCut0V8NRpcwgU7A==",
      "dev": true,
      "requires": {
        "domelementtype": "^2.0.1",
        "domhandler": "^4.0.0",
        "domutils": "^2.5.2",
        "entities": "^2.0.0"
      }
    },
    "is-number": {
      "version": "7.0.0",
      "resolved": "https://registry.npmjs.org/is-number/-/is-number-7.0.0.tgz",
      "integrity": "sha512-41Cifkg6e8TylSpdtTpeLVMqvSBEVzTttHvERD741+pnZ8ANv0004MRL43QKPDlK9cGvNp6NZWZUBlbGXYxxng==",
      "dev": true
    },
    "jest-diff": {
      "version": "28.1.3",
      "resolved": "https://registry.npmjs.org/jest-diff/-/jest-diff-28.1.3.tgz",
      "integrity": "sha512-8RqP1B/OXzjjTWkqMX67iqgwBVJRgCyKD3L9nq+6ZqJMdvjE8RgHktqZ6jNrkdMT+dJuYNI3rhQpxaz7drJHfw==",
      "dev": true,
      "requires": {
        "chalk": "^4.0.0",
        "diff-sequences": "^28.1.1",
        "jest-get-type": "^28.0.2",
        "pretty-format": "^28.1.3"
      }
    },
    "jest-get-type": {
      "version": "28.0.2",
      "resolved": "https://registry.npmjs.org/jest-get-type/-/jest-get-type-28.0.2.tgz",
      "integrity": "sha512-ioj2w9/DxSYHfOm5lJKCdcAmPJzQXmbM/Url3rhlghrPvT3tt+7a/+oXc9azkKmLvoiXjtV83bEWqi+vs5nlPA==",
      "dev": true
    },
    "jest-matcher-utils": {
      "version": "28.1.3",
      "resolved": "https://registry.npmjs.org/jest-matcher-utils/-/jest-matcher-utils-28.1.3.tgz",
      "integrity": "sha512-kQeJ7qHemKfbzKoGjHHrRKH6atgxMk8Enkk2iPQ3XwO6oE/KYD8lMYOziCkeSB9G4adPM4nR1DE8Tf5JeWH6Bw==",
      "dev": true,
      "requires": {
        "chalk": "^4.0.0",
        "jest-diff": "^28.1.3",
        "jest-get-type": "^28.0.2",
        "pretty-format": "^28.1.3"
      }
    },
    "jest-message-util": {
      "version": "28.1.3",
      "resolved": "https://registry.npmjs.org/jest-message-util/-/jest-message-util-28.1.3.tgz",
      "integrity": "sha512-PFdn9Iewbt575zKPf1286Ht9EPoJmYT7P0kY+RibeYZ2XtOr53pDLEFoTWXbd1h4JiGiWpTBC84fc8xMXQMb7g==",
      "dev": true,
      "requires": {
        "@babel/code-frame": "^7.12.13",
        "@jest/types": "^28.1.3",
        "@types/stack-utils": "^2.0.0",
        "chalk": "^4.0.0",
        "graceful-fs": "^4.2.9",
        "micromatch": "^4.0.4",
        "pretty-format": "^28.1.3",
        "slash": "^3.0.0",
        "stack-utils": "^2.0.3"
      }
    },
    "jest-util": {
      "version": "28.1.3",
      "resolved": "https://registry.npmjs.org/jest-util/-/jest-util-28.1.3.tgz",
      "integrity": "sha512-XdqfpHwpcSRko/C35uLYFM2emRAltIIKZiJ9eAmhjsj0CqZMa0p1ib0R5fWIqGhn1a103DebTbpqIaP1qCQ6tQ==",
      "dev": true,
      "requires": {
        "@jest/types": "^28.1.3",
        "@types/node": "*",
        "chalk": "^4.0.0",
        "ci-info": "^3.2.0",
        "graceful-fs": "^4.2.9",
        "picomatch": "^2.2.3"
      }
    },
    "js-tokens": {
      "version": "4.0.0",
      "resolved": "https://registry.npmjs.org/js-tokens/-/js-tokens-4.0.0.tgz",
      "integrity": "sha512-RdJUflcE3cUzKiMqQgsCu06FPu9UdIJO0beYbPhHN4k6apgJtifcoCtT9bcxOpYBtpD2kCM6Sbzg4CausW/PKQ==",
      "dev": true
    },
    "micromatch": {
      "version": "4.0.5",
      "resolved": "https://registry.npmjs.org/micromatch/-/micromatch-4.0.5.tgz",
      "integrity": "sha512-DMy+ERcEW2q8Z2Po+WNXuw3c5YaUSFjAO5GsJqfEl7UjvtIuFKO6ZrKvcItdy98dwFI2N1tg3zNIdKaQT+aNdA==",
      "dev": true,
      "requires": {
        "braces": "^3.0.2",
        "picomatch": "^2.3.1"
      }
    },
    "picomatch": {
      "version": "2.3.1",
      "resolved": "https://registry.npmjs.org/picomatch/-/picomatch-2.3.1.tgz",
      "integrity": "sha512-JU3teHTNjmE2VCGFzuY8EXzCDVwEqB2a8fsIvwaStHhAWJEeVd1o1QD80CU6+ZdEXXSLbSsuLwJjkCBWqRQUVA==",
      "dev": true
    },
    "pretty-format": {
      "version": "28.1.3",
      "resolved": "https://registry.npmjs.org/pretty-format/-/pretty-format-28.1.3.tgz",
      "integrity": "sha512-8gFb/To0OmxHR9+ZTb14Df2vNxdGCX8g1xWGUTqUw5TiZvcQf5sHKObd5UcPyLLyowNwDAMTF3XWOG1B6mxl1Q==",
      "dev": true,
      "requires": {
        "@jest/schemas": "^28.1.3",
        "ansi-regex": "^5.0.1",
        "ansi-styles": "^5.0.0",
        "react-is": "^18.0.0"
      },
      "dependencies": {
        "ansi-styles": {
          "version": "5.2.0",
          "resolved": "https://registry.npmjs.org/ansi-styles/-/ansi-styles-5.2.0.tgz",
          "integrity": "sha512-Cxwpt2SfTzTtXcfOlzGEee8O+c+MmUgGrNiBcXnuWxuFJHe6a5Hz7qwhwe5OgaSYI0IJvkLqWX1ASG+cJOkEiA==",
          "dev": true
        }
      }
    },
    "react-is": {
      "version": "18.2.0",
      "resolved": "https://registry.npmjs.org/react-is/-/react-is-18.2.0.tgz",
      "integrity": "sha512-xWGDIW6x921xtzPkhiULtthJHoJvBbF3q26fzloPCK0hsvxtPVelvftw3zjbHWSkR2km9Z+4uxbDDK/6Zw9B8w==",
      "dev": true
    },
    "slash": {
      "version": "3.0.0",
      "resolved": "https://registry.npmjs.org/slash/-/slash-3.0.0.tgz",
      "integrity": "sha512-g9Q1haeby36OSStwb4ntCGGGaKsaVSjQ68fBxoQcutl5fS1vuY18H3wSt3jFyFtrkx+Kz0V1G85A4MyAdDMi2Q==",
      "dev": true
    },
    "stack-utils": {
      "version": "2.0.5",
      "resolved": "https://registry.npmjs.org/stack-utils/-/stack-utils-2.0.5.tgz",
      "integrity": "sha512-xrQcmYhOsn/1kX+Vraq+7j4oE2j/6BFscZ0etmYg81xuM8Gq0022Pxb8+IqgOFUIaxHs0KaSb7T1+OegiNrNFA==",
      "dev": true,
      "requires": {
        "escape-string-regexp": "^2.0.0"
      },
      "dependencies": {
        "escape-string-regexp": {
          "version": "2.0.0",
          "resolved": "https://registry.npmjs.org/escape-string-regexp/-/escape-string-regexp-2.0.0.tgz",
          "integrity": "sha512-UpzcLCXolUWcNu5HtVMHYdXJjArjsF9C0aNnquZYY4uW/Vu0miy5YoWvbV345HauVvcAUnpRuhMMcqTcGOY2+w==",
          "dev": true
        }
      }
    },
    "supports-color": {
      "version": "7.2.0",
      "resolved": "https://registry.npmjs.org/supports-color/-/supports-color-7.2.0.tgz",
      "integrity": "sha512-qpCAvRl9stuOHveKsn7HncJRvv501qIacKzQlO/+Lwxc9+0q2wLyv4Dfvt80/DPn2pqOBsJdDiogXGR9+OvwRw==",
      "dev": true,
      "requires": {
        "has-flag": "^4.0.0"
      }
    },
    "to-regex-range": {
      "version": "5.0.1",
      "resolved": "https://registry.npmjs.org/to-regex-range/-/to-regex-range-5.0.1.tgz",
      "integrity": "sha512-65P7iz6X5yEr1cwcgvQxbbIw7Uk3gOy5dIdtZ4rDveLqhrdJP+Li/Hx6tyK0NEb+2GCyneCMJiGqrADCSNk8sQ==",
      "dev": true,
      "requires": {
        "is-number": "^7.0.0"
      }
    },
    "types-registry": {
      "version": "0.1.606",
      "resolved": "https://registry.npmjs.org/types-registry/-/types-registry-0.1.606.tgz",
      "integrity": "sha512-INI0PTChOJ1zeEEFjwn/8K6bppp/yXVAWEB5I8X1cP+l1IiMuD5poNhZdDx6rv3Mc/y3ps3I2PRMrKA6W/CBPA=="
    }
  }
}
